// !$*UTF8*$!
{
	archiveVersion = 1;
	classes = {
	};
	objectVersion = 51;
	objects = {

/* Begin PBXBuildFile section */
		03495F88961DF75669BA11E0 /* Pods_runtrackerTests.framework in Frameworks */ = {isa = PBXBuildFile; fileRef = 20F1AB1CE837DACA22305BC6 /* Pods_runtrackerTests.framework */; };
		190BBBE422B2C1D200D993B8 /* AppDelegate.swift in Sources */ = {isa = PBXBuildFile; fileRef = 190BBBE322B2C1D200D993B8 /* AppDelegate.swift */; };
		190BBBE822B2C1D200D993B8 /* ContentView.swift in Sources */ = {isa = PBXBuildFile; fileRef = 190BBBE722B2C1D200D993B8 /* ContentView.swift */; };
		190BBBEA22B2C1D300D993B8 /* Assets.xcassets in Resources */ = {isa = PBXBuildFile; fileRef = 190BBBE922B2C1D300D993B8 /* Assets.xcassets */; };
		190BBBED22B2C1D300D993B8 /* Preview Assets.xcassets in Resources */ = {isa = PBXBuildFile; fileRef = 190BBBEC22B2C1D300D993B8 /* Preview Assets.xcassets */; };
		190BBBF022B2C1D300D993B8 /* LaunchScreen.storyboard in Resources */ = {isa = PBXBuildFile; fileRef = 190BBBEE22B2C1D300D993B8 /* LaunchScreen.storyboard */; };
		190BBBFB22B2C1D300D993B8 /* runtrackerTests.swift in Sources */ = {isa = PBXBuildFile; fileRef = 190BBBFA22B2C1D300D993B8 /* runtrackerTests.swift */; };
		190BBC0622B2C1D300D993B8 /* runtrackerUITests.swift in Sources */ = {isa = PBXBuildFile; fileRef = 190BBC0522B2C1D300D993B8 /* runtrackerUITests.swift */; };
		190BBC1722B2C31100D993B8 /* HealthKit.framework in Frameworks */ = {isa = PBXBuildFile; fileRef = 190BBC1622B2C31100D993B8 /* HealthKit.framework */; };
		192326AC22DF6F0E0062C5A6 /* HeatmapView.swift in Sources */ = {isa = PBXBuildFile; fileRef = 192326AB22DF6F0E0062C5A6 /* HeatmapView.swift */; };
		192ADE7E22D50CA3001C60FA /* Date+lookup.swift in Sources */ = {isa = PBXBuildFile; fileRef = 192ADE7D22D50CA3001C60FA /* Date+lookup.swift */; };
		1947B13322E1F0C8006D772B /* HeatmapRepository.swift in Sources */ = {isa = PBXBuildFile; fileRef = 1947B13122E1EF9C006D772B /* HeatmapRepository.swift */; };
		1947B13522E1FAC2006D772B /* SceneDelegate.swift in Sources */ = {isa = PBXBuildFile; fileRef = 1947B13422E1FAC2006D772B /* SceneDelegate.swift */; };
		1953E7CA22B6BB7D00FF7F61 /* ProgressOverview.swift in Sources */ = {isa = PBXBuildFile; fileRef = 1953E7C922B6BB7D00FF7F61 /* ProgressOverview.swift */; };
		196EAB7822D1F1BE00DE711B /* HKWorkout+distanceInMeters.swift in Sources */ = {isa = PBXBuildFile; fileRef = 196EAB7722D1F1BE00DE711B /* HKWorkout+distanceInMeters.swift */; };
		196EAB7B22D1F2BA00DE711B /* Goals.swift in Sources */ = {isa = PBXBuildFile; fileRef = 196EAB7222D1F18000DE711B /* Goals.swift */; };
		196EAB7C22D1F2BD00DE711B /* RunRepository.swift in Sources */ = {isa = PBXBuildFile; fileRef = 196EAB6C22D1F18000DE711B /* RunRepository.swift */; };
		196EAB7E22D1F2BD00DE711B /* RunSummary.swift in Sources */ = {isa = PBXBuildFile; fileRef = 196EAB6E22D1F18000DE711B /* RunSummary.swift */; };
		19764F7222B2C4E300E898D0 /* ProgressBar.swift in Sources */ = {isa = PBXBuildFile; fileRef = 19764F7122B2C4E300E898D0 /* ProgressBar.swift */; };
		1984FC3822DB2014003C03D4 /* GoalDefineView.swift in Sources */ = {isa = PBXBuildFile; fileRef = 1984FC3722DB2014003C03D4 /* GoalDefineView.swift */; };
		198DB8AB22D1FD050002C2BC /* WeeklyGoalRepository.swift in Sources */ = {isa = PBXBuildFile; fileRef = 198DB8AA22D1FD050002C2BC /* WeeklyGoalRepository.swift */; };
		199300DF22E237B400AEF702 /* NSValue+MKMapPoint.m in Sources */ = {isa = PBXBuildFile; fileRef = 199300DE22E237B400AEF702 /* NSValue+MKMapPoint.m */; };
		19A1FCE622DCC58A0023B044 /* UserDefault.swift in Sources */ = {isa = PBXBuildFile; fileRef = 19A1FCE522DCC58A0023B044 /* UserDefault.swift */; };
		19C09A9E22B412EF00097BED /* WeeklyDistanceProgressView.swift in Sources */ = {isa = PBXBuildFile; fileRef = 19C09A9D22B412EF00097BED /* WeeklyDistanceProgressView.swift */; };
		19C09AA022B4135300097BED /* Panel.swift in Sources */ = {isa = PBXBuildFile; fileRef = 19C09A9F22B4135300097BED /* Panel.swift */; };
		19C09AA322B4CCF400097BED /* UIView+fillInSuperview.swift in Sources */ = {isa = PBXBuildFile; fileRef = 19C09AA222B4CCF400097BED /* UIView+fillInSuperview.swift */; };
		19D3F1E522B4DFF8008CB1F6 /* Double+decimals.swift in Sources */ = {isa = PBXBuildFile; fileRef = 19D3F1E422B4DFF8008CB1F6 /* Double+decimals.swift */; };
		19D3F1E822B4E7DE008CB1F6 /* SeedableRNG.swift in Sources */ = {isa = PBXBuildFile; fileRef = 19D3F1E722B4E7DE008CB1F6 /* SeedableRNG.swift */; };
		19ECD86522E220D400B8EB0B /* BlockingFuture.swift in Sources */ = {isa = PBXBuildFile; fileRef = 19ECD86422E220D400B8EB0B /* BlockingFuture.swift */; };
		19ECD86822E2219400B8EB0B /* CwlMutex.swift in Sources */ = {isa = PBXBuildFile; fileRef = 19ECD86722E2219400B8EB0B /* CwlMutex.swift */; };
		19ECD86B22E2239800B8EB0B /* BlockingFutureTest.swift in Sources */ = {isa = PBXBuildFile; fileRef = 19ECD86A22E2239800B8EB0B /* BlockingFutureTest.swift */; };
		5F8180E559FF094A7254738B /* Pods_runtrackerUITests.framework in Frameworks */ = {isa = PBXBuildFile; fileRef = 0CF1A26259C776DDFC60699F /* Pods_runtrackerUITests.framework */; };
		C3CB162801B7EBC829EC1A13 /* Pods_runtracker.framework in Frameworks */ = {isa = PBXBuildFile; fileRef = 216ED47D5DCF7EDB65A8D5E6 /* Pods_runtracker.framework */; };
/* End PBXBuildFile section */

/* Begin PBXContainerItemProxy section */
		190BBBF722B2C1D300D993B8 /* PBXContainerItemProxy */ = {
			isa = PBXContainerItemProxy;
			containerPortal = 190BBBD822B2C1D200D993B8 /* Project object */;
			proxyType = 1;
			remoteGlobalIDString = 190BBBDF22B2C1D200D993B8;
			remoteInfo = runtracker;
		};
		190BBC0222B2C1D300D993B8 /* PBXContainerItemProxy */ = {
			isa = PBXContainerItemProxy;
			containerPortal = 190BBBD822B2C1D200D993B8 /* Project object */;
			proxyType = 1;
			remoteGlobalIDString = 190BBBDF22B2C1D200D993B8;
			remoteInfo = runtracker;
		};
/* End PBXContainerItemProxy section */

/* Begin PBXFileReference section */
		0702EFFD37FD3A7AD1EFA56E /* Pods-runtrackerUITests.release.xcconfig */ = {isa = PBXFileReference; includeInIndex = 1; lastKnownFileType = text.xcconfig; name = "Pods-runtrackerUITests.release.xcconfig"; path = "Target Support Files/Pods-runtrackerUITests/Pods-runtrackerUITests.release.xcconfig"; sourceTree = "<group>"; };
		0CF1A26259C776DDFC60699F /* Pods_runtrackerUITests.framework */ = {isa = PBXFileReference; explicitFileType = wrapper.framework; includeInIndex = 0; path = Pods_runtrackerUITests.framework; sourceTree = BUILT_PRODUCTS_DIR; };
		190BBBE022B2C1D200D993B8 /* runtracker.app */ = {isa = PBXFileReference; explicitFileType = wrapper.application; includeInIndex = 0; path = runtracker.app; sourceTree = BUILT_PRODUCTS_DIR; };
		190BBBE322B2C1D200D993B8 /* AppDelegate.swift */ = {isa = PBXFileReference; lastKnownFileType = sourcecode.swift; path = AppDelegate.swift; sourceTree = "<group>"; };
		190BBBE722B2C1D200D993B8 /* ContentView.swift */ = {isa = PBXFileReference; lastKnownFileType = sourcecode.swift; path = ContentView.swift; sourceTree = "<group>"; };
		190BBBE922B2C1D300D993B8 /* Assets.xcassets */ = {isa = PBXFileReference; lastKnownFileType = folder.assetcatalog; path = Assets.xcassets; sourceTree = "<group>"; };
		190BBBEC22B2C1D300D993B8 /* Preview Assets.xcassets */ = {isa = PBXFileReference; lastKnownFileType = folder.assetcatalog; path = "Preview Assets.xcassets"; sourceTree = "<group>"; };
		190BBBEF22B2C1D300D993B8 /* Base */ = {isa = PBXFileReference; lastKnownFileType = file.storyboard; name = Base; path = Base.lproj/LaunchScreen.storyboard; sourceTree = "<group>"; };
		190BBBF122B2C1D300D993B8 /* Info.plist */ = {isa = PBXFileReference; lastKnownFileType = text.plist.xml; path = Info.plist; sourceTree = "<group>"; };
		190BBBF622B2C1D300D993B8 /* runtrackerTests.xctest */ = {isa = PBXFileReference; explicitFileType = wrapper.cfbundle; includeInIndex = 0; path = runtrackerTests.xctest; sourceTree = BUILT_PRODUCTS_DIR; };
		190BBBFA22B2C1D300D993B8 /* runtrackerTests.swift */ = {isa = PBXFileReference; lastKnownFileType = sourcecode.swift; path = runtrackerTests.swift; sourceTree = "<group>"; };
		190BBBFC22B2C1D300D993B8 /* Info.plist */ = {isa = PBXFileReference; lastKnownFileType = text.plist.xml; path = Info.plist; sourceTree = "<group>"; };
		190BBC0122B2C1D300D993B8 /* runtrackerUITests.xctest */ = {isa = PBXFileReference; explicitFileType = wrapper.cfbundle; includeInIndex = 0; path = runtrackerUITests.xctest; sourceTree = BUILT_PRODUCTS_DIR; };
		190BBC0522B2C1D300D993B8 /* runtrackerUITests.swift */ = {isa = PBXFileReference; lastKnownFileType = sourcecode.swift; path = runtrackerUITests.swift; sourceTree = "<group>"; };
		190BBC0722B2C1D300D993B8 /* Info.plist */ = {isa = PBXFileReference; lastKnownFileType = text.plist.xml; path = Info.plist; sourceTree = "<group>"; };
		190BBC1622B2C31100D993B8 /* HealthKit.framework */ = {isa = PBXFileReference; lastKnownFileType = wrapper.framework; name = HealthKit.framework; path = System/Library/Frameworks/HealthKit.framework; sourceTree = SDKROOT; };
		190BBC1822B2C32A00D993B8 /* runtracker.entitlements */ = {isa = PBXFileReference; lastKnownFileType = text.plist.entitlements; path = runtracker.entitlements; sourceTree = "<group>"; };
		192326AB22DF6F0E0062C5A6 /* HeatmapView.swift */ = {isa = PBXFileReference; lastKnownFileType = sourcecode.swift; path = HeatmapView.swift; sourceTree = "<group>"; };
		192ADE7D22D50CA3001C60FA /* Date+lookup.swift */ = {isa = PBXFileReference; lastKnownFileType = sourcecode.swift; path = "Date+lookup.swift"; sourceTree = "<group>"; };
		1947B13122E1EF9C006D772B /* HeatmapRepository.swift */ = {isa = PBXFileReference; lastKnownFileType = sourcecode.swift; name = HeatmapRepository.swift; path = ../../../../../../../../../System/Volumes/Data/Users/pimms/code/xcode/runtracker/runtracker/core/model/run/HeatmapRepository.swift; sourceTree = "<group>"; };
		1947B13422E1FAC2006D772B /* SceneDelegate.swift */ = {isa = PBXFileReference; lastKnownFileType = sourcecode.swift; name = SceneDelegate.swift; path = ../../../../../../../System/Volumes/Data/Users/pimms/code/xcode/runtracker/runtracker/core/SceneDelegate.swift; sourceTree = "<group>"; };
		1953E7C922B6BB7D00FF7F61 /* ProgressOverview.swift */ = {isa = PBXFileReference; lastKnownFileType = sourcecode.swift; path = ProgressOverview.swift; sourceTree = "<group>"; };
		196EAB6C22D1F18000DE711B /* RunRepository.swift */ = {isa = PBXFileReference; lastKnownFileType = sourcecode.swift; path = RunRepository.swift; sourceTree = "<group>"; };
		196EAB6E22D1F18000DE711B /* RunSummary.swift */ = {isa = PBXFileReference; lastKnownFileType = sourcecode.swift; path = RunSummary.swift; sourceTree = "<group>"; };
		196EAB7222D1F18000DE711B /* Goals.swift */ = {isa = PBXFileReference; lastKnownFileType = sourcecode.swift; path = Goals.swift; sourceTree = "<group>"; };
		196EAB7722D1F1BE00DE711B /* HKWorkout+distanceInMeters.swift */ = {isa = PBXFileReference; lastKnownFileType = sourcecode.swift; path = "HKWorkout+distanceInMeters.swift"; sourceTree = "<group>"; };
		19764F7122B2C4E300E898D0 /* ProgressBar.swift */ = {isa = PBXFileReference; lastKnownFileType = sourcecode.swift; path = ProgressBar.swift; sourceTree = "<group>"; };
		1984FC3722DB2014003C03D4 /* GoalDefineView.swift */ = {isa = PBXFileReference; lastKnownFileType = sourcecode.swift; path = GoalDefineView.swift; sourceTree = "<group>"; };
		198DB8AA22D1FD050002C2BC /* WeeklyGoalRepository.swift */ = {isa = PBXFileReference; lastKnownFileType = sourcecode.swift; path = WeeklyGoalRepository.swift; sourceTree = "<group>"; };
		199300DC22E2379F00AEF702 /* NSValue+MKMapPoint.h */ = {isa = PBXFileReference; lastKnownFileType = sourcecode.c.h; name = "NSValue+MKMapPoint.h"; path = "../../../../../../../../System/Volumes/Data/Users/pimms/code/xcode/runtracker/runtracker/extensions/objc/NSValue+MKMapPoint.h"; sourceTree = "<group>"; };
		199300DD22E237B400AEF702 /* runtracker-Bridging-Header.h */ = {isa = PBXFileReference; lastKnownFileType = sourcecode.c.h; path = "runtracker-Bridging-Header.h"; sourceTree = "<group>"; };
		199300DE22E237B400AEF702 /* NSValue+MKMapPoint.m */ = {isa = PBXFileReference; lastKnownFileType = sourcecode.c.objc; name = "NSValue+MKMapPoint.m"; path = "../../../../../../../../System/Volumes/Data/Users/pimms/code/xcode/runtracker/runtracker/extensions/objc/NSValue+MKMapPoint.m"; sourceTree = "<group>"; };
		19A1FCE522DCC58A0023B044 /* UserDefault.swift */ = {isa = PBXFileReference; lastKnownFileType = sourcecode.swift; path = UserDefault.swift; sourceTree = "<group>"; };
		19C09A9D22B412EF00097BED /* WeeklyDistanceProgressView.swift */ = {isa = PBXFileReference; lastKnownFileType = sourcecode.swift; path = WeeklyDistanceProgressView.swift; sourceTree = "<group>"; };
		19C09A9F22B4135300097BED /* Panel.swift */ = {isa = PBXFileReference; lastKnownFileType = sourcecode.swift; path = Panel.swift; sourceTree = "<group>"; };
		19C09AA222B4CCF400097BED /* UIView+fillInSuperview.swift */ = {isa = PBXFileReference; lastKnownFileType = sourcecode.swift; path = "UIView+fillInSuperview.swift"; sourceTree = "<group>"; };
		19D3F1E422B4DFF8008CB1F6 /* Double+decimals.swift */ = {isa = PBXFileReference; lastKnownFileType = sourcecode.swift; path = "Double+decimals.swift"; sourceTree = "<group>"; };
		19D3F1E722B4E7DE008CB1F6 /* SeedableRNG.swift */ = {isa = PBXFileReference; lastKnownFileType = sourcecode.swift; path = SeedableRNG.swift; sourceTree = "<group>"; };
		19ECD86422E220D400B8EB0B /* BlockingFuture.swift */ = {isa = PBXFileReference; lastKnownFileType = sourcecode.swift; name = BlockingFuture.swift; path = ../../../../../../../System/Volumes/Data/Users/pimms/code/xcode/runtracker/runtracker/util/BlockingFuture.swift; sourceTree = "<group>"; };
		19ECD86722E2219400B8EB0B /* CwlMutex.swift */ = {isa = PBXFileReference; lastKnownFileType = sourcecode.swift; name = CwlMutex.swift; path = ../../../../../../../../System/Volumes/Data/Users/pimms/code/xcode/runtracker/runtracker/util/ThirdParty/CwlMutex.swift; sourceTree = "<group>"; };
		19ECD86A22E2239800B8EB0B /* BlockingFutureTest.swift */ = {isa = PBXFileReference; lastKnownFileType = sourcecode.swift; name = BlockingFutureTest.swift; path = ../../../../../../../System/Volumes/Data/Users/pimms/code/xcode/runtracker/runtrackerTests/util/BlockingFutureTest.swift; sourceTree = "<group>"; };
		20F1AB1CE837DACA22305BC6 /* Pods_runtrackerTests.framework */ = {isa = PBXFileReference; explicitFileType = wrapper.framework; includeInIndex = 0; path = Pods_runtrackerTests.framework; sourceTree = BUILT_PRODUCTS_DIR; };
		216ED47D5DCF7EDB65A8D5E6 /* Pods_runtracker.framework */ = {isa = PBXFileReference; explicitFileType = wrapper.framework; includeInIndex = 0; path = Pods_runtracker.framework; sourceTree = BUILT_PRODUCTS_DIR; };
		3B31240B25D48AAC09439DE7 /* Pods-runtracker.release.xcconfig */ = {isa = PBXFileReference; includeInIndex = 1; lastKnownFileType = text.xcconfig; name = "Pods-runtracker.release.xcconfig"; path = "Target Support Files/Pods-runtracker/Pods-runtracker.release.xcconfig"; sourceTree = "<group>"; };
		44821AFAAF98E988C98AA061 /* Pods-runtrackerTests.release.xcconfig */ = {isa = PBXFileReference; includeInIndex = 1; lastKnownFileType = text.xcconfig; name = "Pods-runtrackerTests.release.xcconfig"; path = "Target Support Files/Pods-runtrackerTests/Pods-runtrackerTests.release.xcconfig"; sourceTree = "<group>"; };
		44D35BB9877C5454AA2E45E2 /* Pods-runtrackerUITests.debug.xcconfig */ = {isa = PBXFileReference; includeInIndex = 1; lastKnownFileType = text.xcconfig; name = "Pods-runtrackerUITests.debug.xcconfig"; path = "Target Support Files/Pods-runtrackerUITests/Pods-runtrackerUITests.debug.xcconfig"; sourceTree = "<group>"; };
		52C93D16077CA4936D4C355D /* Pods-runtrackerTests.debug.xcconfig */ = {isa = PBXFileReference; includeInIndex = 1; lastKnownFileType = text.xcconfig; name = "Pods-runtrackerTests.debug.xcconfig"; path = "Target Support Files/Pods-runtrackerTests/Pods-runtrackerTests.debug.xcconfig"; sourceTree = "<group>"; };
		DC95A1338B667987F133E658 /* Pods-runtracker.debug.xcconfig */ = {isa = PBXFileReference; includeInIndex = 1; lastKnownFileType = text.xcconfig; name = "Pods-runtracker.debug.xcconfig"; path = "Target Support Files/Pods-runtracker/Pods-runtracker.debug.xcconfig"; sourceTree = "<group>"; };
/* End PBXFileReference section */

/* Begin PBXFrameworksBuildPhase section */
		190BBBDD22B2C1D200D993B8 /* Frameworks */ = {
			isa = PBXFrameworksBuildPhase;
			buildActionMask = 2147483647;
			files = (
				190BBC1722B2C31100D993B8 /* HealthKit.framework in Frameworks */,
				C3CB162801B7EBC829EC1A13 /* Pods_runtracker.framework in Frameworks */,
			);
			runOnlyForDeploymentPostprocessing = 0;
		};
		190BBBF322B2C1D300D993B8 /* Frameworks */ = {
			isa = PBXFrameworksBuildPhase;
			buildActionMask = 2147483647;
			files = (
				03495F88961DF75669BA11E0 /* Pods_runtrackerTests.framework in Frameworks */,
			);
			runOnlyForDeploymentPostprocessing = 0;
		};
		190BBBFE22B2C1D300D993B8 /* Frameworks */ = {
			isa = PBXFrameworksBuildPhase;
			buildActionMask = 2147483647;
			files = (
				5F8180E559FF094A7254738B /* Pods_runtrackerUITests.framework in Frameworks */,
			);
			runOnlyForDeploymentPostprocessing = 0;
		};
/* End PBXFrameworksBuildPhase section */

/* Begin PBXGroup section */
		190BBBD722B2C1D200D993B8 = {
			isa = PBXGroup;
			children = (
				190BBBE222B2C1D200D993B8 /* runtracker */,
				190BBBF922B2C1D300D993B8 /* runtrackerTests */,
				190BBC0422B2C1D300D993B8 /* runtrackerUITests */,
				190BBBE122B2C1D200D993B8 /* Products */,
				190BBC1322B2C21A00D993B8 /* Frameworks */,
				C68DA58B314771468E961BFF /* Pods */,
			);
			sourceTree = "<group>";
		};
		190BBBE122B2C1D200D993B8 /* Products */ = {
			isa = PBXGroup;
			children = (
				190BBBE022B2C1D200D993B8 /* runtracker.app */,
				190BBBF622B2C1D300D993B8 /* runtrackerTests.xctest */,
				190BBC0122B2C1D300D993B8 /* runtrackerUITests.xctest */,
			);
			name = Products;
			sourceTree = "<group>";
		};
		190BBBE222B2C1D200D993B8 /* runtracker */ = {
			isa = PBXGroup;
			children = (
				196EAB6722D1F16B00DE711B /* core */,
				19D3F1E622B4E7D3008CB1F6 /* util */,
				19C09AA122B4CCE200097BED /* extensions */,
				190BBC1922B2C39000D993B8 /* views */,
				190BBC1822B2C32A00D993B8 /* runtracker.entitlements */,
				190BBBE722B2C1D200D993B8 /* ContentView.swift */,
				190BBBE922B2C1D300D993B8 /* Assets.xcassets */,
				190BBBEE22B2C1D300D993B8 /* LaunchScreen.storyboard */,
				190BBBF122B2C1D300D993B8 /* Info.plist */,
				190BBBEB22B2C1D300D993B8 /* Preview Content */,
			);
			path = runtracker;
			sourceTree = "<group>";
		};
		190BBBEB22B2C1D300D993B8 /* Preview Content */ = {
			isa = PBXGroup;
			children = (
				190BBBEC22B2C1D300D993B8 /* Preview Assets.xcassets */,
			);
			path = "Preview Content";
			sourceTree = "<group>";
		};
		190BBBF922B2C1D300D993B8 /* runtrackerTests */ = {
			isa = PBXGroup;
			children = (
				19ECD86922E2238500B8EB0B /* util */,
				190BBBFA22B2C1D300D993B8 /* runtrackerTests.swift */,
				190BBBFC22B2C1D300D993B8 /* Info.plist */,
			);
			path = runtrackerTests;
			sourceTree = "<group>";
		};
		190BBC0422B2C1D300D993B8 /* runtrackerUITests */ = {
			isa = PBXGroup;
			children = (
				190BBC0522B2C1D300D993B8 /* runtrackerUITests.swift */,
				190BBC0722B2C1D300D993B8 /* Info.plist */,
			);
			path = runtrackerUITests;
			sourceTree = "<group>";
		};
		190BBC1322B2C21A00D993B8 /* Frameworks */ = {
			isa = PBXGroup;
			children = (
				190BBC1622B2C31100D993B8 /* HealthKit.framework */,
				216ED47D5DCF7EDB65A8D5E6 /* Pods_runtracker.framework */,
				20F1AB1CE837DACA22305BC6 /* Pods_runtrackerTests.framework */,
				0CF1A26259C776DDFC60699F /* Pods_runtrackerUITests.framework */,
			);
			name = Frameworks;
			sourceTree = "<group>";
		};
		190BBC1922B2C39000D993B8 /* views */ = {
			isa = PBXGroup;
			children = (
				1986A67F22DB26B900ED4D5A /* Goal */,
				1984FC3622DB1FF1003C03D4 /* Components */,
				1984FC3322DB188D003C03D4 /* Progress */,
				192326AD22DF6F140062C5A6 /* Heatmap */,
			);
			path = views;
			sourceTree = "<group>";
		};
		192326AD22DF6F140062C5A6 /* Heatmap */ = {
			isa = PBXGroup;
			children = (
				192326AB22DF6F0E0062C5A6 /* HeatmapView.swift */,
			);
			path = Heatmap;
			sourceTree = "<group>";
		};
		196EAB6722D1F16B00DE711B /* core */ = {
			isa = PBXGroup;
			children = (
				190BBBE322B2C1D200D993B8 /* AppDelegate.swift */,
				1947B13422E1FAC2006D772B /* SceneDelegate.swift */,
				196EAB6A22D1F18000DE711B /* model */,
			);
			path = core;
			sourceTree = "<group>";
		};
		196EAB6A22D1F18000DE711B /* model */ = {
			isa = PBXGroup;
			children = (
				196EAB6B22D1F18000DE711B /* run */,
				196EAB7122D1F18000DE711B /* goal */,
			);
			path = model;
			sourceTree = "<group>";
		};
		196EAB6B22D1F18000DE711B /* run */ = {
			isa = PBXGroup;
			children = (
				196EAB6C22D1F18000DE711B /* RunRepository.swift */,
				196EAB6E22D1F18000DE711B /* RunSummary.swift */,
				1947B13122E1EF9C006D772B /* HeatmapRepository.swift */,
			);
			path = run;
			sourceTree = "<group>";
		};
		196EAB7122D1F18000DE711B /* goal */ = {
			isa = PBXGroup;
			children = (
				196EAB7222D1F18000DE711B /* Goals.swift */,
				198DB8AA22D1FD050002C2BC /* WeeklyGoalRepository.swift */,
			);
			path = goal;
			sourceTree = "<group>";
		};
		1984FC3322DB188D003C03D4 /* Progress */ = {
			isa = PBXGroup;
			children = (
				19764F7122B2C4E300E898D0 /* ProgressBar.swift */,
				19C09A9D22B412EF00097BED /* WeeklyDistanceProgressView.swift */,
				1953E7C922B6BB7D00FF7F61 /* ProgressOverview.swift */,
			);
			path = Progress;
			sourceTree = "<group>";
		};
		1984FC3622DB1FF1003C03D4 /* Components */ = {
			isa = PBXGroup;
			children = (
				19C09A9F22B4135300097BED /* Panel.swift */,
			);
			path = Components;
			sourceTree = "<group>";
		};
		1986A67F22DB26B900ED4D5A /* Goal */ = {
			isa = PBXGroup;
			children = (
				1984FC3722DB2014003C03D4 /* GoalDefineView.swift */,
			);
			path = Goal;
			sourceTree = "<group>";
		};
		199300DB22E2378C00AEF702 /* objc */ = {
			isa = PBXGroup;
			children = (
				199300DD22E237B400AEF702 /* runtracker-Bridging-Header.h */,
				199300DC22E2379F00AEF702 /* NSValue+MKMapPoint.h */,
				199300DE22E237B400AEF702 /* NSValue+MKMapPoint.m */,
			);
			path = objc;
			sourceTree = "<group>";
		};
		19C09AA122B4CCE200097BED /* extensions */ = {
			isa = PBXGroup;
			children = (
				199300DB22E2378C00AEF702 /* objc */,
				196EAB7722D1F1BE00DE711B /* HKWorkout+distanceInMeters.swift */,
				19C09AA222B4CCF400097BED /* UIView+fillInSuperview.swift */,
				19D3F1E422B4DFF8008CB1F6 /* Double+decimals.swift */,
				192ADE7D22D50CA3001C60FA /* Date+lookup.swift */,
			);
			path = extensions;
			sourceTree = "<group>";
		};
		19D3F1E622B4E7D3008CB1F6 /* util */ = {
			isa = PBXGroup;
			children = (
				19ECD86622E2218600B8EB0B /* ThirdParty */,
				19D3F1E722B4E7DE008CB1F6 /* SeedableRNG.swift */,
				19A1FCE522DCC58A0023B044 /* UserDefault.swift */,
				19ECD86422E220D400B8EB0B /* BlockingFuture.swift */,
			);
			path = util;
			sourceTree = "<group>";
		};
		19ECD86622E2218600B8EB0B /* ThirdParty */ = {
			isa = PBXGroup;
			children = (
				19ECD86722E2219400B8EB0B /* CwlMutex.swift */,
			);
			path = ThirdParty;
			sourceTree = "<group>";
		};
		19ECD86922E2238500B8EB0B /* util */ = {
			isa = PBXGroup;
			children = (
				19ECD86A22E2239800B8EB0B /* BlockingFutureTest.swift */,
			);
			path = util;
			sourceTree = "<group>";
		};
		C68DA58B314771468E961BFF /* Pods */ = {
			isa = PBXGroup;
			children = (
				DC95A1338B667987F133E658 /* Pods-runtracker.debug.xcconfig */,
				3B31240B25D48AAC09439DE7 /* Pods-runtracker.release.xcconfig */,
				52C93D16077CA4936D4C355D /* Pods-runtrackerTests.debug.xcconfig */,
				44821AFAAF98E988C98AA061 /* Pods-runtrackerTests.release.xcconfig */,
				44D35BB9877C5454AA2E45E2 /* Pods-runtrackerUITests.debug.xcconfig */,
				0702EFFD37FD3A7AD1EFA56E /* Pods-runtrackerUITests.release.xcconfig */,
			);
			path = Pods;
			sourceTree = "<group>";
		};
/* End PBXGroup section */

/* Begin PBXNativeTarget section */
		190BBBDF22B2C1D200D993B8 /* runtracker */ = {
			isa = PBXNativeTarget;
			buildConfigurationList = 190BBC0A22B2C1D300D993B8 /* Build configuration list for PBXNativeTarget "runtracker" */;
			buildPhases = (
				3F0E4AF111BC37141F265503 /* [CP] Check Pods Manifest.lock */,
				190BBBDC22B2C1D200D993B8 /* Sources */,
				190BBBDD22B2C1D200D993B8 /* Frameworks */,
				190BBBDE22B2C1D200D993B8 /* Resources */,
				F22C45BFD7F5F55487ECD711 /* [CP] Embed Pods Frameworks */,
			);
			buildRules = (
			);
			dependencies = (
			);
			name = runtracker;
			productName = runtracker;
			productReference = 190BBBE022B2C1D200D993B8 /* runtracker.app */;
			productType = "com.apple.product-type.application";
		};
		190BBBF522B2C1D300D993B8 /* runtrackerTests */ = {
			isa = PBXNativeTarget;
			buildConfigurationList = 190BBC0D22B2C1D300D993B8 /* Build configuration list for PBXNativeTarget "runtrackerTests" */;
			buildPhases = (
				915A8C8817E867D9A2575101 /* [CP] Check Pods Manifest.lock */,
				190BBBF222B2C1D300D993B8 /* Sources */,
				190BBBF322B2C1D300D993B8 /* Frameworks */,
				190BBBF422B2C1D300D993B8 /* Resources */,
			);
			buildRules = (
			);
			dependencies = (
				190BBBF822B2C1D300D993B8 /* PBXTargetDependency */,
			);
			name = runtrackerTests;
			productName = runtrackerTests;
			productReference = 190BBBF622B2C1D300D993B8 /* runtrackerTests.xctest */;
			productType = "com.apple.product-type.bundle.unit-test";
		};
		190BBC0022B2C1D300D993B8 /* runtrackerUITests */ = {
			isa = PBXNativeTarget;
			buildConfigurationList = 190BBC1022B2C1D300D993B8 /* Build configuration list for PBXNativeTarget "runtrackerUITests" */;
			buildPhases = (
				AB4F006A5609CD41CE17547A /* [CP] Check Pods Manifest.lock */,
				190BBBFD22B2C1D300D993B8 /* Sources */,
				190BBBFE22B2C1D300D993B8 /* Frameworks */,
				190BBBFF22B2C1D300D993B8 /* Resources */,
			);
			buildRules = (
			);
			dependencies = (
				190BBC0322B2C1D300D993B8 /* PBXTargetDependency */,
			);
			name = runtrackerUITests;
			productName = runtrackerUITests;
			productReference = 190BBC0122B2C1D300D993B8 /* runtrackerUITests.xctest */;
			productType = "com.apple.product-type.bundle.ui-testing";
		};
/* End PBXNativeTarget section */

/* Begin PBXProject section */
		190BBBD822B2C1D200D993B8 /* Project object */ = {
			isa = PBXProject;
			attributes = {
				LastSwiftUpdateCheck = 1100;
				LastUpgradeCheck = 1100;
				ORGANIZATIONNAME = "Joakim Stien";
				TargetAttributes = {
					190BBBDF22B2C1D200D993B8 = {
						CreatedOnToolsVersion = 11.0;
						LastSwiftMigration = 1100;
					};
					190BBBF522B2C1D300D993B8 = {
						CreatedOnToolsVersion = 11.0;
						TestTargetID = 190BBBDF22B2C1D200D993B8;
					};
					190BBC0022B2C1D300D993B8 = {
						CreatedOnToolsVersion = 11.0;
						TestTargetID = 190BBBDF22B2C1D200D993B8;
					};
				};
			};
			buildConfigurationList = 190BBBDB22B2C1D200D993B8 /* Build configuration list for PBXProject "runtracker" */;
			compatibilityVersion = "Xcode 9.3";
			developmentRegion = en;
			hasScannedForEncodings = 0;
			knownRegions = (
				en,
				Base,
			);
			mainGroup = 190BBBD722B2C1D200D993B8;
			productRefGroup = 190BBBE122B2C1D200D993B8 /* Products */;
			projectDirPath = "";
			projectRoot = "";
			targets = (
				190BBBDF22B2C1D200D993B8 /* runtracker */,
				190BBBF522B2C1D300D993B8 /* runtrackerTests */,
				190BBC0022B2C1D300D993B8 /* runtrackerUITests */,
			);
		};
/* End PBXProject section */

/* Begin PBXResourcesBuildPhase section */
		190BBBDE22B2C1D200D993B8 /* Resources */ = {
			isa = PBXResourcesBuildPhase;
			buildActionMask = 2147483647;
			files = (
				190BBBF022B2C1D300D993B8 /* LaunchScreen.storyboard in Resources */,
				190BBBED22B2C1D300D993B8 /* Preview Assets.xcassets in Resources */,
				190BBBEA22B2C1D300D993B8 /* Assets.xcassets in Resources */,
			);
			runOnlyForDeploymentPostprocessing = 0;
		};
		190BBBF422B2C1D300D993B8 /* Resources */ = {
			isa = PBXResourcesBuildPhase;
			buildActionMask = 2147483647;
			files = (
			);
			runOnlyForDeploymentPostprocessing = 0;
		};
		190BBBFF22B2C1D300D993B8 /* Resources */ = {
			isa = PBXResourcesBuildPhase;
			buildActionMask = 2147483647;
			files = (
			);
			runOnlyForDeploymentPostprocessing = 0;
		};
/* End PBXResourcesBuildPhase section */

/* Begin PBXShellScriptBuildPhase section */
		3F0E4AF111BC37141F265503 /* [CP] Check Pods Manifest.lock */ = {
			isa = PBXShellScriptBuildPhase;
			buildActionMask = 2147483647;
			files = (
			);
			inputFileListPaths = (
			);
			inputPaths = (
				"${PODS_PODFILE_DIR_PATH}/Podfile.lock",
				"${PODS_ROOT}/Manifest.lock",
			);
			name = "[CP] Check Pods Manifest.lock";
			outputFileListPaths = (
			);
			outputPaths = (
				"$(DERIVED_FILE_DIR)/Pods-runtracker-checkManifestLockResult.txt",
			);
			runOnlyForDeploymentPostprocessing = 0;
			shellPath = /bin/sh;
			shellScript = "diff \"${PODS_PODFILE_DIR_PATH}/Podfile.lock\" \"${PODS_ROOT}/Manifest.lock\" > /dev/null\nif [ $? != 0 ] ; then\n    # print error to STDERR\n    echo \"error: The sandbox is not in sync with the Podfile.lock. Run 'pod install' or update your CocoaPods installation.\" >&2\n    exit 1\nfi\n# This output is used by Xcode 'outputs' to avoid re-running this script phase.\necho \"SUCCESS\" > \"${SCRIPT_OUTPUT_FILE_0}\"\n";
			showEnvVarsInLog = 0;
		};
		915A8C8817E867D9A2575101 /* [CP] Check Pods Manifest.lock */ = {
			isa = PBXShellScriptBuildPhase;
			buildActionMask = 2147483647;
			files = (
			);
			inputFileListPaths = (
			);
			inputPaths = (
				"${PODS_PODFILE_DIR_PATH}/Podfile.lock",
				"${PODS_ROOT}/Manifest.lock",
			);
			name = "[CP] Check Pods Manifest.lock";
			outputFileListPaths = (
			);
			outputPaths = (
				"$(DERIVED_FILE_DIR)/Pods-runtrackerTests-checkManifestLockResult.txt",
			);
			runOnlyForDeploymentPostprocessing = 0;
			shellPath = /bin/sh;
			shellScript = "diff \"${PODS_PODFILE_DIR_PATH}/Podfile.lock\" \"${PODS_ROOT}/Manifest.lock\" > /dev/null\nif [ $? != 0 ] ; then\n    # print error to STDERR\n    echo \"error: The sandbox is not in sync with the Podfile.lock. Run 'pod install' or update your CocoaPods installation.\" >&2\n    exit 1\nfi\n# This output is used by Xcode 'outputs' to avoid re-running this script phase.\necho \"SUCCESS\" > \"${SCRIPT_OUTPUT_FILE_0}\"\n";
			showEnvVarsInLog = 0;
		};
		AB4F006A5609CD41CE17547A /* [CP] Check Pods Manifest.lock */ = {
			isa = PBXShellScriptBuildPhase;
			buildActionMask = 2147483647;
			files = (
			);
			inputFileListPaths = (
			);
			inputPaths = (
				"${PODS_PODFILE_DIR_PATH}/Podfile.lock",
				"${PODS_ROOT}/Manifest.lock",
			);
			name = "[CP] Check Pods Manifest.lock";
			outputFileListPaths = (
			);
			outputPaths = (
				"$(DERIVED_FILE_DIR)/Pods-runtrackerUITests-checkManifestLockResult.txt",
			);
			runOnlyForDeploymentPostprocessing = 0;
			shellPath = /bin/sh;
			shellScript = "diff \"${PODS_PODFILE_DIR_PATH}/Podfile.lock\" \"${PODS_ROOT}/Manifest.lock\" > /dev/null\nif [ $? != 0 ] ; then\n    # print error to STDERR\n    echo \"error: The sandbox is not in sync with the Podfile.lock. Run 'pod install' or update your CocoaPods installation.\" >&2\n    exit 1\nfi\n# This output is used by Xcode 'outputs' to avoid re-running this script phase.\necho \"SUCCESS\" > \"${SCRIPT_OUTPUT_FILE_0}\"\n";
			showEnvVarsInLog = 0;
		};
		F22C45BFD7F5F55487ECD711 /* [CP] Embed Pods Frameworks */ = {
			isa = PBXShellScriptBuildPhase;
			buildActionMask = 2147483647;
			files = (
			);
			inputFileListPaths = (
				"${PODS_ROOT}/Target Support Files/Pods-runtracker/Pods-runtracker-frameworks-${CONFIGURATION}-input-files.xcfilelist",
			);
			name = "[CP] Embed Pods Frameworks";
			outputFileListPaths = (
				"${PODS_ROOT}/Target Support Files/Pods-runtracker/Pods-runtracker-frameworks-${CONFIGURATION}-output-files.xcfilelist",
			);
			runOnlyForDeploymentPostprocessing = 0;
			shellPath = /bin/sh;
			shellScript = "\"${PODS_ROOT}/Target Support Files/Pods-runtracker/Pods-runtracker-frameworks.sh\"\n";
			showEnvVarsInLog = 0;
		};
/* End PBXShellScriptBuildPhase section */

/* Begin PBXSourcesBuildPhase section */
		190BBBDC22B2C1D200D993B8 /* Sources */ = {
			isa = PBXSourcesBuildPhase;
			buildActionMask = 2147483647;
			files = (
				196EAB7B22D1F2BA00DE711B /* Goals.swift in Sources */,
				19D3F1E522B4DFF8008CB1F6 /* Double+decimals.swift in Sources */,
				1953E7CA22B6BB7D00FF7F61 /* ProgressOverview.swift in Sources */,
				19ECD86522E220D400B8EB0B /* BlockingFuture.swift in Sources */,
				198DB8AB22D1FD050002C2BC /* WeeklyGoalRepository.swift in Sources */,
				19C09A9E22B412EF00097BED /* WeeklyDistanceProgressView.swift in Sources */,
				192ADE7E22D50CA3001C60FA /* Date+lookup.swift in Sources */,
				19C09AA022B4135300097BED /* Panel.swift in Sources */,
				190BBBE422B2C1D200D993B8 /* AppDelegate.swift in Sources */,
				196EAB7822D1F1BE00DE711B /* HKWorkout+distanceInMeters.swift in Sources */,
				192326AC22DF6F0E0062C5A6 /* HeatmapView.swift in Sources */,
				19C09AA322B4CCF400097BED /* UIView+fillInSuperview.swift in Sources */,
				19ECD86822E2219400B8EB0B /* CwlMutex.swift in Sources */,
				196EAB7C22D1F2BD00DE711B /* RunRepository.swift in Sources */,
				1984FC3822DB2014003C03D4 /* GoalDefineView.swift in Sources */,
				1947B13322E1F0C8006D772B /* HeatmapRepository.swift in Sources */,
				196EAB7E22D1F2BD00DE711B /* RunSummary.swift in Sources */,
				1947B13522E1FAC2006D772B /* SceneDelegate.swift in Sources */,
				19A1FCE622DCC58A0023B044 /* UserDefault.swift in Sources */,
				19764F7222B2C4E300E898D0 /* ProgressBar.swift in Sources */,
				190BBBE822B2C1D200D993B8 /* ContentView.swift in Sources */,
				199300DF22E237B400AEF702 /* NSValue+MKMapPoint.m in Sources */,
				19D3F1E822B4E7DE008CB1F6 /* SeedableRNG.swift in Sources */,
			);
			runOnlyForDeploymentPostprocessing = 0;
		};
		190BBBF222B2C1D300D993B8 /* Sources */ = {
			isa = PBXSourcesBuildPhase;
			buildActionMask = 2147483647;
			files = (
				190BBBFB22B2C1D300D993B8 /* runtrackerTests.swift in Sources */,
				19ECD86B22E2239800B8EB0B /* BlockingFutureTest.swift in Sources */,
			);
			runOnlyForDeploymentPostprocessing = 0;
		};
		190BBBFD22B2C1D300D993B8 /* Sources */ = {
			isa = PBXSourcesBuildPhase;
			buildActionMask = 2147483647;
			files = (
				190BBC0622B2C1D300D993B8 /* runtrackerUITests.swift in Sources */,
			);
			runOnlyForDeploymentPostprocessing = 0;
		};
/* End PBXSourcesBuildPhase section */

/* Begin PBXTargetDependency section */
		190BBBF822B2C1D300D993B8 /* PBXTargetDependency */ = {
			isa = PBXTargetDependency;
			target = 190BBBDF22B2C1D200D993B8 /* runtracker */;
			targetProxy = 190BBBF722B2C1D300D993B8 /* PBXContainerItemProxy */;
		};
		190BBC0322B2C1D300D993B8 /* PBXTargetDependency */ = {
			isa = PBXTargetDependency;
			target = 190BBBDF22B2C1D200D993B8 /* runtracker */;
			targetProxy = 190BBC0222B2C1D300D993B8 /* PBXContainerItemProxy */;
		};
/* End PBXTargetDependency section */

/* Begin PBXVariantGroup section */
		190BBBEE22B2C1D300D993B8 /* LaunchScreen.storyboard */ = {
			isa = PBXVariantGroup;
			children = (
				190BBBEF22B2C1D300D993B8 /* Base */,
			);
			name = LaunchScreen.storyboard;
			sourceTree = "<group>";
		};
/* End PBXVariantGroup section */

/* Begin XCBuildConfiguration section */
		190BBC0822B2C1D300D993B8 /* Debug */ = {
			isa = XCBuildConfiguration;
			buildSettings = {
				ALWAYS_SEARCH_USER_PATHS = NO;
				CLANG_ANALYZER_NONNULL = YES;
				CLANG_ANALYZER_NUMBER_OBJECT_CONVERSION = YES_AGGRESSIVE;
				CLANG_CXX_LANGUAGE_STANDARD = "gnu++14";
				CLANG_CXX_LIBRARY = "libc++";
				CLANG_ENABLE_MODULES = YES;
				CLANG_ENABLE_OBJC_ARC = YES;
				CLANG_ENABLE_OBJC_WEAK = YES;
				CLANG_WARN_BLOCK_CAPTURE_AUTORELEASING = YES;
				CLANG_WARN_BOOL_CONVERSION = YES;
				CLANG_WARN_COMMA = YES;
				CLANG_WARN_CONSTANT_CONVERSION = YES;
				CLANG_WARN_DEPRECATED_OBJC_IMPLEMENTATIONS = YES;
				CLANG_WARN_DIRECT_OBJC_ISA_USAGE = YES_ERROR;
				CLANG_WARN_DOCUMENTATION_COMMENTS = YES;
				CLANG_WARN_EMPTY_BODY = YES;
				CLANG_WARN_ENUM_CONVERSION = YES;
				CLANG_WARN_INFINITE_RECURSION = YES;
				CLANG_WARN_INT_CONVERSION = YES;
				CLANG_WARN_NON_LITERAL_NULL_CONVERSION = YES;
				CLANG_WARN_OBJC_IMPLICIT_RETAIN_SELF = YES;
				CLANG_WARN_OBJC_LITERAL_CONVERSION = YES;
				CLANG_WARN_OBJC_ROOT_CLASS = YES_ERROR;
				CLANG_WARN_RANGE_LOOP_ANALYSIS = YES;
				CLANG_WARN_STRICT_PROTOTYPES = YES;
				CLANG_WARN_SUSPICIOUS_MOVE = YES;
				CLANG_WARN_UNGUARDED_AVAILABILITY = YES_AGGRESSIVE;
				CLANG_WARN_UNREACHABLE_CODE = YES;
				CLANG_WARN__DUPLICATE_METHOD_MATCH = YES;
				COPY_PHASE_STRIP = NO;
				DEBUG_INFORMATION_FORMAT = dwarf;
				ENABLE_STRICT_OBJC_MSGSEND = YES;
				ENABLE_TESTABILITY = YES;
				GCC_C_LANGUAGE_STANDARD = gnu11;
				GCC_DYNAMIC_NO_PIC = NO;
				GCC_NO_COMMON_BLOCKS = YES;
				GCC_OPTIMIZATION_LEVEL = 0;
				GCC_PREPROCESSOR_DEFINITIONS = (
					"DEBUG=1",
					"$(inherited)",
				);
				GCC_WARN_64_TO_32_BIT_CONVERSION = YES;
				GCC_WARN_ABOUT_RETURN_TYPE = YES_ERROR;
				GCC_WARN_UNDECLARED_SELECTOR = YES;
				GCC_WARN_UNINITIALIZED_AUTOS = YES_AGGRESSIVE;
				GCC_WARN_UNUSED_FUNCTION = YES;
				GCC_WARN_UNUSED_VARIABLE = YES;
				IPHONEOS_DEPLOYMENT_TARGET = 13.0;
				MTL_ENABLE_DEBUG_INFO = INCLUDE_SOURCE;
				MTL_FAST_MATH = YES;
				ONLY_ACTIVE_ARCH = YES;
				SDKROOT = iphoneos;
				SWIFT_ACTIVE_COMPILATION_CONDITIONS = DEBUG;
				SWIFT_OPTIMIZATION_LEVEL = "-Onone";
			};
			name = Debug;
		};
		190BBC0922B2C1D300D993B8 /* Release */ = {
			isa = XCBuildConfiguration;
			buildSettings = {
				ALWAYS_SEARCH_USER_PATHS = NO;
				CLANG_ANALYZER_NONNULL = YES;
				CLANG_ANALYZER_NUMBER_OBJECT_CONVERSION = YES_AGGRESSIVE;
				CLANG_CXX_LANGUAGE_STANDARD = "gnu++14";
				CLANG_CXX_LIBRARY = "libc++";
				CLANG_ENABLE_MODULES = YES;
				CLANG_ENABLE_OBJC_ARC = YES;
				CLANG_ENABLE_OBJC_WEAK = YES;
				CLANG_WARN_BLOCK_CAPTURE_AUTORELEASING = YES;
				CLANG_WARN_BOOL_CONVERSION = YES;
				CLANG_WARN_COMMA = YES;
				CLANG_WARN_CONSTANT_CONVERSION = YES;
				CLANG_WARN_DEPRECATED_OBJC_IMPLEMENTATIONS = YES;
				CLANG_WARN_DIRECT_OBJC_ISA_USAGE = YES_ERROR;
				CLANG_WARN_DOCUMENTATION_COMMENTS = YES;
				CLANG_WARN_EMPTY_BODY = YES;
				CLANG_WARN_ENUM_CONVERSION = YES;
				CLANG_WARN_INFINITE_RECURSION = YES;
				CLANG_WARN_INT_CONVERSION = YES;
				CLANG_WARN_NON_LITERAL_NULL_CONVERSION = YES;
				CLANG_WARN_OBJC_IMPLICIT_RETAIN_SELF = YES;
				CLANG_WARN_OBJC_LITERAL_CONVERSION = YES;
				CLANG_WARN_OBJC_ROOT_CLASS = YES_ERROR;
				CLANG_WARN_RANGE_LOOP_ANALYSIS = YES;
				CLANG_WARN_STRICT_PROTOTYPES = YES;
				CLANG_WARN_SUSPICIOUS_MOVE = YES;
				CLANG_WARN_UNGUARDED_AVAILABILITY = YES_AGGRESSIVE;
				CLANG_WARN_UNREACHABLE_CODE = YES;
				CLANG_WARN__DUPLICATE_METHOD_MATCH = YES;
				COPY_PHASE_STRIP = NO;
				DEBUG_INFORMATION_FORMAT = "dwarf-with-dsym";
				ENABLE_NS_ASSERTIONS = NO;
				ENABLE_STRICT_OBJC_MSGSEND = YES;
				GCC_C_LANGUAGE_STANDARD = gnu11;
				GCC_NO_COMMON_BLOCKS = YES;
				GCC_WARN_64_TO_32_BIT_CONVERSION = YES;
				GCC_WARN_ABOUT_RETURN_TYPE = YES_ERROR;
				GCC_WARN_UNDECLARED_SELECTOR = YES;
				GCC_WARN_UNINITIALIZED_AUTOS = YES_AGGRESSIVE;
				GCC_WARN_UNUSED_FUNCTION = YES;
				GCC_WARN_UNUSED_VARIABLE = YES;
				IPHONEOS_DEPLOYMENT_TARGET = 13.0;
				MTL_ENABLE_DEBUG_INFO = NO;
				MTL_FAST_MATH = YES;
				SDKROOT = iphoneos;
				SWIFT_COMPILATION_MODE = wholemodule;
				SWIFT_OPTIMIZATION_LEVEL = "-O";
				VALIDATE_PRODUCT = YES;
			};
			name = Release;
		};
		190BBC0B22B2C1D300D993B8 /* Debug */ = {
			isa = XCBuildConfiguration;
			baseConfigurationReference = DC95A1338B667987F133E658 /* Pods-runtracker.debug.xcconfig */;
			buildSettings = {
				ASSETCATALOG_COMPILER_APPICON_NAME = AppIcon;
				CLANG_ENABLE_MODULES = YES;
				CODE_SIGN_ENTITLEMENTS = runtracker/runtracker.entitlements;
				CODE_SIGN_IDENTITY = "iPhone Developer";
				CODE_SIGN_STYLE = Automatic;
				DEVELOPMENT_ASSET_PATHS = "runtracker/Preview\\ Content";
				DEVELOPMENT_TEAM = WSQ25TFDK3;
				ENABLE_PREVIEWS = YES;
				INFOPLIST_FILE = runtracker/Info.plist;
				IPHONEOS_DEPLOYMENT_TARGET = 13.0;
				LD_RUNPATH_SEARCH_PATHS = (
					"$(inherited)",
					"@executable_path/Frameworks",
				);
				PRODUCT_BUNDLE_IDENTIFIER = no.jstien.runtracker;
				PRODUCT_NAME = "$(TARGET_NAME)";
				PROVISIONING_PROFILE_SPECIFIER = "";
				SWIFT_OBJC_BRIDGING_HEADER = "runtracker/extensions/objc/runtracker-Bridging-Header.h";
				SWIFT_OPTIMIZATION_LEVEL = "-Onone";
				SWIFT_VERSION = 5.0;
				TARGETED_DEVICE_FAMILY = "1,2";
			};
			name = Debug;
		};
		190BBC0C22B2C1D300D993B8 /* Release */ = {
			isa = XCBuildConfiguration;
			baseConfigurationReference = 3B31240B25D48AAC09439DE7 /* Pods-runtracker.release.xcconfig */;
			buildSettings = {
				ASSETCATALOG_COMPILER_APPICON_NAME = AppIcon;
				CLANG_ENABLE_MODULES = YES;
				CODE_SIGN_ENTITLEMENTS = runtracker/runtracker.entitlements;
				CODE_SIGN_IDENTITY = "iPhone Developer";
				CODE_SIGN_STYLE = Automatic;
				DEVELOPMENT_ASSET_PATHS = "runtracker/Preview\\ Content";
				DEVELOPMENT_TEAM = WSQ25TFDK3;
				ENABLE_PREVIEWS = YES;
				INFOPLIST_FILE = runtracker/Info.plist;
				IPHONEOS_DEPLOYMENT_TARGET = 13.0;
				LD_RUNPATH_SEARCH_PATHS = (
					"$(inherited)",
					"@executable_path/Frameworks",
				);
				PRODUCT_BUNDLE_IDENTIFIER = no.jstien.runtracker;
				PRODUCT_NAME = "$(TARGET_NAME)";
				PROVISIONING_PROFILE_SPECIFIER = "";
				SWIFT_OBJC_BRIDGING_HEADER = "runtracker/extensions/objc/runtracker-Bridging-Header.h";
				SWIFT_VERSION = 5.0;
				TARGETED_DEVICE_FAMILY = "1,2";
			};
			name = Release;
		};
		190BBC0E22B2C1D300D993B8 /* Debug */ = {
			isa = XCBuildConfiguration;
			baseConfigurationReference = 52C93D16077CA4936D4C355D /* Pods-runtrackerTests.debug.xcconfig */;
			buildSettings = {
				ALWAYS_EMBED_SWIFT_STANDARD_LIBRARIES = YES;
				BUNDLE_LOADER = "$(TEST_HOST)";
				CODE_SIGN_STYLE = Automatic;
				DEVELOPMENT_TEAM = WSQ25TFDK3;
				INFOPLIST_FILE = runtrackerTests/Info.plist;
				LD_RUNPATH_SEARCH_PATHS = (
					"$(inherited)",
					"@executable_path/Frameworks",
					"@loader_path/Frameworks",
				);
				PRODUCT_BUNDLE_IDENTIFIER = no.jstien.runtrackerTests;
				PRODUCT_NAME = "$(TARGET_NAME)";
				SWIFT_VERSION = 5.0;
				TARGETED_DEVICE_FAMILY = "1,2";
				TEST_HOST = "$(BUILT_PRODUCTS_DIR)/runtracker.app/runtracker";
			};
			name = Debug;
		};
		190BBC0F22B2C1D300D993B8 /* Release */ = {
			isa = XCBuildConfiguration;
			baseConfigurationReference = 44821AFAAF98E988C98AA061 /* Pods-runtrackerTests.release.xcconfig */;
			buildSettings = {
				ALWAYS_EMBED_SWIFT_STANDARD_LIBRARIES = YES;
				BUNDLE_LOADER = "$(TEST_HOST)";
				CODE_SIGN_STYLE = Automatic;
				DEVELOPMENT_TEAM = WSQ25TFDK3;
				INFOPLIST_FILE = runtrackerTests/Info.plist;
				LD_RUNPATH_SEARCH_PATHS = (
					"$(inherited)",
					"@executable_path/Frameworks",
					"@loader_path/Frameworks",
				);
				PRODUCT_BUNDLE_IDENTIFIER = no.jstien.runtrackerTests;
				PRODUCT_NAME = "$(TARGET_NAME)";
				SWIFT_VERSION = 5.0;
				TARGETED_DEVICE_FAMILY = "1,2";
				TEST_HOST = "$(BUILT_PRODUCTS_DIR)/runtracker.app/runtracker";
			};
			name = Release;
		};
		190BBC1122B2C1D300D993B8 /* Debug */ = {
			isa = XCBuildConfiguration;
			baseConfigurationReference = 44D35BB9877C5454AA2E45E2 /* Pods-runtrackerUITests.debug.xcconfig */;
			buildSettings = {
				ALWAYS_EMBED_SWIFT_STANDARD_LIBRARIES = YES;
				CODE_SIGN_STYLE = Automatic;
				DEVELOPMENT_TEAM = WSQ25TFDK3;
				INFOPLIST_FILE = runtrackerUITests/Info.plist;
				LD_RUNPATH_SEARCH_PATHS = (
					"$(inherited)",
					"@executable_path/Frameworks",
					"@loader_path/Frameworks",
				);
				PRODUCT_BUNDLE_IDENTIFIER = no.jstien.runtrackerUITests;
				PRODUCT_NAME = "$(TARGET_NAME)";
				SWIFT_VERSION = 5.0;
				TARGETED_DEVICE_FAMILY = "1,2";
				TEST_TARGET_NAME = runtracker;
			};
			name = Debug;
		};
		190BBC1222B2C1D300D993B8 /* Release */ = {
			isa = XCBuildConfiguration;
			baseConfigurationReference = 0702EFFD37FD3A7AD1EFA56E /* Pods-runtrackerUITests.release.xcconfig */;
			buildSettings = {
				ALWAYS_EMBED_SWIFT_STANDARD_LIBRARIES = YES;
				CODE_SIGN_STYLE = Automatic;
				DEVELOPMENT_TEAM = WSQ25TFDK3;
				INFOPLIST_FILE = runtrackerUITests/Info.plist;
				LD_RUNPATH_SEARCH_PATHS = (
					"$(inherited)",
					"@executable_path/Frameworks",
					"@loader_path/Frameworks",
				);
				PRODUCT_BUNDLE_IDENTIFIER = no.jstien.runtrackerUITests;
				PRODUCT_NAME = "$(TARGET_NAME)";
				SWIFT_VERSION = 5.0;
				TARGETED_DEVICE_FAMILY = "1,2";
				TEST_TARGET_NAME = runtracker;
			};
			name = Release;
		};
/* End XCBuildConfiguration section */

/* Begin XCConfigurationList section */
		190BBBDB22B2C1D200D993B8 /* Build configuration list for PBXProject "runtracker" */ = {
			isa = XCConfigurationList;
			buildConfigurations = (
				190BBC0822B2C1D300D993B8 /* Debug */,
				190BBC0922B2C1D300D993B8 /* Release */,
			);
			defaultConfigurationIsVisible = 0;
			defaultConfigurationName = Release;
		};
		190BBC0A22B2C1D300D993B8 /* Build configuration list for PBXNativeTarget "runtracker" */ = {
			isa = XCConfigurationList;
			buildConfigurations = (
				190BBC0B22B2C1D300D993B8 /* Debug */,
				190BBC0C22B2C1D300D993B8 /* Release */,
			);
			defaultConfigurationIsVisible = 0;
			defaultConfigurationName = Release;
		};
		190BBC0D22B2C1D300D993B8 /* Build configuration list for PBXNativeTarget "runtrackerTests" */ = {
			isa = XCConfigurationList;
			buildConfigurations = (
				190BBC0E22B2C1D300D993B8 /* Debug */,
				190BBC0F22B2C1D300D993B8 /* Release */,
			);
			defaultConfigurationIsVisible = 0;
			defaultConfigurationName = Release;
		};
		190BBC1022B2C1D300D993B8 /* Build configuration list for PBXNativeTarget "runtrackerUITests" */ = {
			isa = XCConfigurationList;
			buildConfigurations = (
				190BBC1122B2C1D300D993B8 /* Debug */,
				190BBC1222B2C1D300D993B8 /* Release */,
			);
			defaultConfigurationIsVisible = 0;
			defaultConfigurationName = Release;
		};
/* End XCConfigurationList section */
	};
	rootObject = 190BBBD822B2C1D200D993B8 /* Project object */;
}
